
Microsoft Visual Studio Solution File, Format Version 11.00
# Visual Studio 2010
Project("{FAE04EC0-301F-11D3-BF4B-00C04F79EFBC}") = "Assembly-CSharp", "Assembly-CSharp.csproj", "{f2111b31-04ff-af58-2418-80e151ae404d}"
EndProject
Project("{FAE04EC0-301F-11D3-BF4B-00C04F79EFBC}") = "Assembly-CSharp-Editor", "Assembly-CSharp-Editor.csproj", "{b5a9fead-150e-72da-fd4c-2fcd63ae7866}"
EndProject
Global
	GlobalSection(SolutionConfigurationPlatforms) = preSolution
		Debug|Any CPU = Debug|Any CPU
	EndGlobalSection
	GlobalSection(ProjectConfigurationPlatforms) = postSolution
		{f2111b31-04ff-af58-2418-80e151ae404d}.Debug|Any CPU.ActiveCfg = Debug|Any CPU
		{f2111b31-04ff-af58-2418-80e151ae404d}.Debug|Any CPU.Build.0 = Debug|Any CPU
		{b5a9fead-150e-72da-fd4c-2fcd63ae7866}.Debug|Any CPU.ActiveCfg = Debug|Any CPU
		{b5a9fead-150e-72da-fd4c-2fcd63ae7866}.Debug|Any CPU.Build.0 = Debug|Any CPU
	EndGlobalSection
	GlobalSection(SolutionProperties) = preSolution
		HideSolutionNode = FALSE
	EndGlobalSection
EndGlobal
